// !$*UTF8*$!
{
	archiveVersion = 1;
	classes = {
	};
	objectVersion = 46;
	objects = {

/* Begin PBXBuildFile section */
		607FACD61AFB9204008FA782 /* AppDelegate.swift in Sources */ = {isa = PBXBuildFile; fileRef = 607FACD51AFB9204008FA782 /* AppDelegate.swift */; };
		607FACDB1AFB9204008FA782 /* Main.storyboard in Resources */ = {isa = PBXBuildFile; fileRef = 607FACD91AFB9204008FA782 /* Main.storyboard */; };
		607FACDD1AFB9204008FA782 /* Images.xcassets in Resources */ = {isa = PBXBuildFile; fileRef = 607FACDC1AFB9204008FA782 /* Images.xcassets */; };
		607FACE01AFB9204008FA782 /* LaunchScreen.xib in Resources */ = {isa = PBXBuildFile; fileRef = 607FACDE1AFB9204008FA782 /* LaunchScreen.xib */; };
		A758AE9E5A4A59D3D9040C81 /* Pods_EasyDi_Tests.framework in Frameworks */ = {isa = PBXBuildFile; fileRef = 7854D0BFF38EFE18D331EC8F /* Pods_EasyDi_Tests.framework */; };
		C3290CE31EDF01B8000A8390 /* Test_XKCDService.swift in Sources */ = {isa = PBXBuildFile; fileRef = C3290CE11EDF01B2000A8390 /* Test_XKCDService.swift */; };
		C3290CE51EDF098B000A8390 /* ServiceAssembly.swift in Sources */ = {isa = PBXBuildFile; fileRef = C3290CE41EDF098B000A8390 /* ServiceAssembly.swift */; };
		C3290CE91EDF4AAF000A8390 /* FeedViewAssembly.swift in Sources */ = {isa = PBXBuildFile; fileRef = C3290CE81EDF4AAF000A8390 /* FeedViewAssembly.swift */; };
		C3290CEC1EDFD524000A8390 /* XKCDStripCell.swift in Sources */ = {isa = PBXBuildFile; fileRef = C3290CEB1EDFD524000A8390 /* XKCDStripCell.swift */; };
		C345AD491EDC87A700CEA49E /* XKCDService.swift in Sources */ = {isa = PBXBuildFile; fileRef = C345AD481EDC87A700CEA49E /* XKCDService.swift */; };
		C345AD4C1EDC895200CEA49E /* XKCDStrip.swift in Sources */ = {isa = PBXBuildFile; fileRef = C345AD4B1EDC895200CEA49E /* XKCDStrip.swift */; };
		C345AD4E1EDE813600CEA49E /* Test_JSONAPIClient.swift in Sources */ = {isa = PBXBuildFile; fileRef = C345AD4D1EDE813600CEA49E /* Test_JSONAPIClient.swift */; };
		C345AD511EDE98DB00CEA49E /* JSONAPIClient.swift in Sources */ = {isa = PBXBuildFile; fileRef = C345AD4F1EDE83DF00CEA49E /* JSONAPIClient.swift */; };
		C345AD531EDED9E400CEA49E /* XKCDStrip+FromJSONDictionary.swift in Sources */ = {isa = PBXBuildFile; fileRef = C345AD521EDED9E400CEA49E /* XKCDStrip+FromJSONDictionary.swift */; };
		C34BC02D1EE0771A0075B4BE /* StripViewController.swift in Sources */ = {isa = PBXBuildFile; fileRef = C34BC02C1EE0771A0075B4BE /* StripViewController.swift */; };
		C34BC02F1EE08C6F0075B4BE /* ImageService.swift in Sources */ = {isa = PBXBuildFile; fileRef = C34BC02E1EE08C6F0075B4BE /* ImageService.swift */; };
		C34BC0331EE13BAB0075B4BE /* XKCDInfiniteScrollFooterView.swift in Sources */ = {isa = PBXBuildFile; fileRef = C34BC0321EE13BAB0075B4BE /* XKCDInfiniteScrollFooterView.swift */; };
		C34BC0351EE13BB30075B4BE /* FeedViewController.swift in Sources */ = {isa = PBXBuildFile; fileRef = C34BC0341EE13BB30075B4BE /* FeedViewController.swift */; };
		C34BC0371EE5A54C0075B4BE /* URLSession+IURLSession.swift in Sources */ = {isa = PBXBuildFile; fileRef = C34BC0361EE5A54C0075B4BE /* URLSession+IURLSession.swift */; };
		C34BC0391EE5B5BD0075B4BE /* IURLService.swift in Sources */ = {isa = PBXBuildFile; fileRef = C34BC0381EE5B5BD0075B4BE /* IURLService.swift */; };
		C3623A2A1ECC956200377170 /* Test_CrossAssemblyInjections.swift in Sources */ = {isa = PBXBuildFile; fileRef = C3623A281ECC953400377170 /* Test_CrossAssemblyInjections.swift */; };
		C3623A2C1ED0C16300377170 /* Test_Patches.swift in Sources */ = {isa = PBXBuildFile; fileRef = C3623A2B1ED0C16300377170 /* Test_Patches.swift */; };
		C3623A2E1ED0CCDD00377170 /* Test_ProtocolBasedInjection.swift in Sources */ = {isa = PBXBuildFile; fileRef = C3623A2D1ED0CCDD00377170 /* Test_ProtocolBasedInjection.swift */; };
		C36D9F291F1BEB06009FD9AD /* Test_StructsInjection.swift in Sources */ = {isa = PBXBuildFile; fileRef = C36D9F271F1BEA07009FD9AD /* Test_StructsInjection.swift */; };
		C376D4311EB36D8D00A318ED /* Test_Scope.swift in Sources */ = {isa = PBXBuildFile; fileRef = C376D42F1EB36D8200A318ED /* Test_Scope.swift */; };
		C376D4341EB3727500A318ED /* Test_Context.swift in Sources */ = {isa = PBXBuildFile; fileRef = C376D4321EB3726300A318ED /* Test_Context.swift */; };
		C376D4371EB382BA00A318ED /* Test_Injections.swift in Sources */ = {isa = PBXBuildFile; fileRef = C376D4351EB382A000A318ED /* Test_Injections.swift */; };
		D3AF960BE750E83FF2C0FAD6 /* Pods_EasyDi_Example.framework in Frameworks */ = {isa = PBXBuildFile; fileRef = 3AAF0D4FB0CE4E2F75C8C018 /* Pods_EasyDi_Example.framework */; };
/* End PBXBuildFile section */

/* Begin PBXContainerItemProxy section */
		607FACE61AFB9204008FA782 /* PBXContainerItemProxy */ = {
			isa = PBXContainerItemProxy;
			containerPortal = 607FACC81AFB9204008FA782 /* Project object */;
			proxyType = 1;
			remoteGlobalIDString = 607FACCF1AFB9204008FA782;
			remoteInfo = EasyDi;
		};
/* End PBXContainerItemProxy section */

/* Begin PBXFileReference section */
		2772BB05FB85F3E8FCE97A15 /* Pods-EasyDi_Example.release.xcconfig */ = {isa = PBXFileReference; includeInIndex = 1; lastKnownFileType = text.xcconfig; name = "Pods-EasyDi_Example.release.xcconfig"; path = "Pods/Target Support Files/Pods-EasyDi_Example/Pods-EasyDi_Example.release.xcconfig"; sourceTree = "<group>"; };
		3AAF0D4FB0CE4E2F75C8C018 /* Pods_EasyDi_Example.framework */ = {isa = PBXFileReference; explicitFileType = wrapper.framework; includeInIndex = 0; path = Pods_EasyDi_Example.framework; sourceTree = BUILT_PRODUCTS_DIR; };
		607FACD01AFB9204008FA782 /* EasyDi_Example.app */ = {isa = PBXFileReference; explicitFileType = wrapper.application; includeInIndex = 0; path = EasyDi_Example.app; sourceTree = BUILT_PRODUCTS_DIR; };
		607FACD41AFB9204008FA782 /* Info.plist */ = {isa = PBXFileReference; lastKnownFileType = text.plist.xml; path = Info.plist; sourceTree = "<group>"; };
		607FACD51AFB9204008FA782 /* AppDelegate.swift */ = {isa = PBXFileReference; lastKnownFileType = sourcecode.swift; path = AppDelegate.swift; sourceTree = "<group>"; };
		607FACDA1AFB9204008FA782 /* Base */ = {isa = PBXFileReference; lastKnownFileType = file.storyboard; name = Base; path = Base.lproj/Main.storyboard; sourceTree = "<group>"; };
		607FACDC1AFB9204008FA782 /* Images.xcassets */ = {isa = PBXFileReference; lastKnownFileType = folder.assetcatalog; path = Images.xcassets; sourceTree = "<group>"; };
		607FACDF1AFB9204008FA782 /* Base */ = {isa = PBXFileReference; lastKnownFileType = file.xib; name = Base; path = Base.lproj/LaunchScreen.xib; sourceTree = "<group>"; };
		607FACE51AFB9204008FA782 /* EasyDi_Tests.xctest */ = {isa = PBXFileReference; explicitFileType = wrapper.cfbundle; includeInIndex = 0; path = EasyDi_Tests.xctest; sourceTree = BUILT_PRODUCTS_DIR; };
		607FACEA1AFB9204008FA782 /* Info.plist */ = {isa = PBXFileReference; lastKnownFileType = text.plist.xml; path = Info.plist; sourceTree = "<group>"; };
		774839AABE52F633A3F02893 /* Pods-EasyDi_Example.debug.xcconfig */ = {isa = PBXFileReference; includeInIndex = 1; lastKnownFileType = text.xcconfig; name = "Pods-EasyDi_Example.debug.xcconfig"; path = "Pods/Target Support Files/Pods-EasyDi_Example/Pods-EasyDi_Example.debug.xcconfig"; sourceTree = "<group>"; };
		7854D0BFF38EFE18D331EC8F /* Pods_EasyDi_Tests.framework */ = {isa = PBXFileReference; explicitFileType = wrapper.framework; includeInIndex = 0; path = Pods_EasyDi_Tests.framework; sourceTree = BUILT_PRODUCTS_DIR; };
		7BB208A47F48449232AE6781 /* README.md */ = {isa = PBXFileReference; includeInIndex = 1; lastKnownFileType = net.daringfireball.markdown; name = README.md; path = ../README.md; sourceTree = "<group>"; };
		87189D92021E9C808C1AA77E /* LICENSE */ = {isa = PBXFileReference; includeInIndex = 1; lastKnownFileType = text; name = LICENSE; path = ../LICENSE; sourceTree = "<group>"; };
		95412568371F91A626368EBC /* Pods-EasyDi_Tests.debug.xcconfig */ = {isa = PBXFileReference; includeInIndex = 1; lastKnownFileType = text.xcconfig; name = "Pods-EasyDi_Tests.debug.xcconfig"; path = "Pods/Target Support Files/Pods-EasyDi_Tests/Pods-EasyDi_Tests.debug.xcconfig"; sourceTree = "<group>"; };
		B797E6DE924341DEC929BFBC /* Pods-EasyDi_Tests.release.xcconfig */ = {isa = PBXFileReference; includeInIndex = 1; lastKnownFileType = text.xcconfig; name = "Pods-EasyDi_Tests.release.xcconfig"; path = "Pods/Target Support Files/Pods-EasyDi_Tests/Pods-EasyDi_Tests.release.xcconfig"; sourceTree = "<group>"; };
		C3290CE11EDF01B2000A8390 /* Test_XKCDService.swift */ = {isa = PBXFileReference; fileEncoding = 4; lastKnownFileType = sourcecode.swift; path = Test_XKCDService.swift; sourceTree = "<group>"; };
		C3290CE41EDF098B000A8390 /* ServiceAssembly.swift */ = {isa = PBXFileReference; fileEncoding = 4; lastKnownFileType = sourcecode.swift; name = ServiceAssembly.swift; path = Service/ServiceAssembly.swift; sourceTree = "<group>"; };
		C3290CE81EDF4AAF000A8390 /* FeedViewAssembly.swift */ = {isa = PBXFileReference; fileEncoding = 4; lastKnownFileType = sourcecode.swift; name = FeedViewAssembly.swift; path = UI/FeedView/FeedViewAssembly.swift; sourceTree = "<group>"; };
		C3290CEB1EDFD524000A8390 /* XKCDStripCell.swift */ = {isa = PBXFileReference; fileEncoding = 4; lastKnownFileType = sourcecode.swift; name = XKCDStripCell.swift; path = UI/FeedView/Cells/XKCDStripCell.swift; sourceTree = "<group>"; };
		C345AD481EDC87A700CEA49E /* XKCDService.swift */ = {isa = PBXFileReference; fileEncoding = 4; lastKnownFileType = sourcecode.swift; name = XKCDService.swift; path = Service/XKCDService.swift; sourceTree = "<group>"; };
		C345AD4B1EDC895200CEA49E /* XKCDStrip.swift */ = {isa = PBXFileReference; fileEncoding = 4; lastKnownFileType = sourcecode.swift; name = XKCDStrip.swift; path = Model/XKCDStrip.swift; sourceTree = "<group>"; };
		C345AD4D1EDE813600CEA49E /* Test_JSONAPIClient.swift */ = {isa = PBXFileReference; fileEncoding = 4; lastKnownFileType = sourcecode.swift; path = Test_JSONAPIClient.swift; sourceTree = "<group>"; };
		C345AD4F1EDE83DF00CEA49E /* JSONAPIClient.swift */ = {isa = PBXFileReference; fileEncoding = 4; lastKnownFileType = sourcecode.swift; name = JSONAPIClient.swift; path = Service/JSONAPIClient.swift; sourceTree = "<group>"; };
		C345AD521EDED9E400CEA49E /* XKCDStrip+FromJSONDictionary.swift */ = {isa = PBXFileReference; fileEncoding = 4; lastKnownFileType = sourcecode.swift; name = "XKCDStrip+FromJSONDictionary.swift"; path = "Model/XKCDStrip+FromJSONDictionary.swift"; sourceTree = "<group>"; };
		C34BC02C1EE0771A0075B4BE /* StripViewController.swift */ = {isa = PBXFileReference; fileEncoding = 4; lastKnownFileType = sourcecode.swift; name = StripViewController.swift; path = UI/StripView/StripViewController.swift; sourceTree = "<group>"; };
		C34BC02E1EE08C6F0075B4BE /* ImageService.swift */ = {isa = PBXFileReference; fileEncoding = 4; lastKnownFileType = sourcecode.swift; name = ImageService.swift; path = Service/ImageService.swift; sourceTree = "<group>"; };
		C34BC0321EE13BAB0075B4BE /* XKCDInfiniteScrollFooterView.swift */ = {isa = PBXFileReference; fileEncoding = 4; lastKnownFileType = sourcecode.swift; name = XKCDInfiniteScrollFooterView.swift; path = UI/FeedView/Cells/XKCDInfiniteScrollFooterView.swift; sourceTree = "<group>"; };
		C34BC0341EE13BB30075B4BE /* FeedViewController.swift */ = {isa = PBXFileReference; fileEncoding = 4; lastKnownFileType = sourcecode.swift; name = FeedViewController.swift; path = UI/FeedView/FeedViewController.swift; sourceTree = "<group>"; };
		C34BC0361EE5A54C0075B4BE /* URLSession+IURLSession.swift */ = {isa = PBXFileReference; fileEncoding = 4; lastKnownFileType = sourcecode.swift; name = "URLSession+IURLSession.swift"; path = "Service/URLSession+IURLSession.swift"; sourceTree = "<group>"; };
		C34BC0381EE5B5BD0075B4BE /* IURLService.swift */ = {isa = PBXFileReference; fileEncoding = 4; lastKnownFileType = sourcecode.swift; name = IURLService.swift; path = Service/IURLService.swift; sourceTree = "<group>"; };
		C3623A281ECC953400377170 /* Test_CrossAssemblyInjections.swift */ = {isa = PBXFileReference; fileEncoding = 4; lastKnownFileType = sourcecode.swift; path = Test_CrossAssemblyInjections.swift; sourceTree = "<group>"; };
		C3623A2B1ED0C16300377170 /* Test_Patches.swift */ = {isa = PBXFileReference; fileEncoding = 4; lastKnownFileType = sourcecode.swift; path = Test_Patches.swift; sourceTree = "<group>"; };
		C3623A2D1ED0CCDD00377170 /* Test_ProtocolBasedInjection.swift */ = {isa = PBXFileReference; fileEncoding = 4; lastKnownFileType = sourcecode.swift; path = Test_ProtocolBasedInjection.swift; sourceTree = "<group>"; };
		C36D9F271F1BEA07009FD9AD /* Test_StructsInjection.swift */ = {isa = PBXFileReference; lastKnownFileType = sourcecode.swift; path = Test_StructsInjection.swift; sourceTree = "<group>"; };
		C376D42F1EB36D8200A318ED /* Test_Scope.swift */ = {isa = PBXFileReference; fileEncoding = 4; lastKnownFileType = sourcecode.swift; path = Test_Scope.swift; sourceTree = "<group>"; };
		C376D4321EB3726300A318ED /* Test_Context.swift */ = {isa = PBXFileReference; fileEncoding = 4; lastKnownFileType = sourcecode.swift; path = Test_Context.swift; sourceTree = "<group>"; };
		C376D4351EB382A000A318ED /* Test_Injections.swift */ = {isa = PBXFileReference; fileEncoding = 4; lastKnownFileType = sourcecode.swift; path = Test_Injections.swift; sourceTree = "<group>"; };
		D9C1FAA5A508DA38D8E25687 /* EasyDi.podspec */ = {isa = PBXFileReference; includeInIndex = 1; lastKnownFileType = text; name = EasyDi.podspec; path = ../EasyDi.podspec; sourceTree = "<group>"; };
/* End PBXFileReference section */

/* Begin PBXFrameworksBuildPhase section */
		607FACCD1AFB9204008FA782 /* Frameworks */ = {
			isa = PBXFrameworksBuildPhase;
			buildActionMask = 2147483647;
			files = (
				D3AF960BE750E83FF2C0FAD6 /* Pods_EasyDi_Example.framework in Frameworks */,
			);
			runOnlyForDeploymentPostprocessing = 0;
		};
		607FACE21AFB9204008FA782 /* Frameworks */ = {
			isa = PBXFrameworksBuildPhase;
			buildActionMask = 2147483647;
			files = (
				A758AE9E5A4A59D3D9040C81 /* Pods_EasyDi_Tests.framework in Frameworks */,
			);
			runOnlyForDeploymentPostprocessing = 0;
		};
/* End PBXFrameworksBuildPhase section */

/* Begin PBXGroup section */
		453E5103E006AC030B03017D /* Pods */ = {
			isa = PBXGroup;
			children = (
				774839AABE52F633A3F02893 /* Pods-EasyDi_Example.debug.xcconfig */,
				2772BB05FB85F3E8FCE97A15 /* Pods-EasyDi_Example.release.xcconfig */,
				95412568371F91A626368EBC /* Pods-EasyDi_Tests.debug.xcconfig */,
				B797E6DE924341DEC929BFBC /* Pods-EasyDi_Tests.release.xcconfig */,
			);
			name = Pods;
			sourceTree = "<group>";
		};
		607FACC71AFB9204008FA782 = {
			isa = PBXGroup;
			children = (
				607FACF51AFB993E008FA782 /* Podspec Metadata */,
				607FACD21AFB9204008FA782 /* Example for EasyDi */,
				607FACE81AFB9204008FA782 /* Tests */,
				607FACD11AFB9204008FA782 /* Products */,
				453E5103E006AC030B03017D /* Pods */,
				C5DB8B7BFB5A3FAF69FD3C76 /* Frameworks */,
			);
			sourceTree = "<group>";
		};
		607FACD11AFB9204008FA782 /* Products */ = {
			isa = PBXGroup;
			children = (
				607FACD01AFB9204008FA782 /* EasyDi_Example.app */,
				607FACE51AFB9204008FA782 /* EasyDi_Tests.xctest */,
			);
			name = Products;
			sourceTree = "<group>";
		};
		607FACD21AFB9204008FA782 /* Example for EasyDi */ = {
			isa = PBXGroup;
			children = (
				C3290CE61EDF4A68000A8390 /* UI */,
				C345AD4A1EDC893400CEA49E /* Model */,
				C345AD471EDC878E00CEA49E /* Service */,
				607FACD51AFB9204008FA782 /* AppDelegate.swift */,
				607FACD91AFB9204008FA782 /* Main.storyboard */,
				607FACDC1AFB9204008FA782 /* Images.xcassets */,
				607FACDE1AFB9204008FA782 /* LaunchScreen.xib */,
				607FACD31AFB9204008FA782 /* Supporting Files */,
			);
			name = "Example for EasyDi";
			path = EasyDi;
			sourceTree = "<group>";
		};
		607FACD31AFB9204008FA782 /* Supporting Files */ = {
			isa = PBXGroup;
			children = (
				607FACD41AFB9204008FA782 /* Info.plist */,
			);
			name = "Supporting Files";
			sourceTree = "<group>";
		};
		607FACE81AFB9204008FA782 /* Tests */ = {
			isa = PBXGroup;
			children = (
				607FACE91AFB9204008FA782 /* Supporting Files */,
				C376D42F1EB36D8200A318ED /* Test_Scope.swift */,
				C376D4321EB3726300A318ED /* Test_Context.swift */,
				C376D4351EB382A000A318ED /* Test_Injections.swift */,
				C3623A281ECC953400377170 /* Test_CrossAssemblyInjections.swift */,
				C3623A2B1ED0C16300377170 /* Test_Patches.swift */,
				C3623A2D1ED0CCDD00377170 /* Test_ProtocolBasedInjection.swift */,
				C345AD4D1EDE813600CEA49E /* Test_JSONAPIClient.swift */,
				C3290CE11EDF01B2000A8390 /* Test_XKCDService.swift */,
				C36D9F271F1BEA07009FD9AD /* Test_StructsInjection.swift */,
			);
			path = Tests;
			sourceTree = "<group>";
		};
		607FACE91AFB9204008FA782 /* Supporting Files */ = {
			isa = PBXGroup;
			children = (
				607FACEA1AFB9204008FA782 /* Info.plist */,
			);
			name = "Supporting Files";
			sourceTree = "<group>";
		};
		607FACF51AFB993E008FA782 /* Podspec Metadata */ = {
			isa = PBXGroup;
			children = (
				D9C1FAA5A508DA38D8E25687 /* EasyDi.podspec */,
				7BB208A47F48449232AE6781 /* README.md */,
				87189D92021E9C808C1AA77E /* LICENSE */,
			);
			name = "Podspec Metadata";
			sourceTree = "<group>";
		};
		C3290CE61EDF4A68000A8390 /* UI */ = {
			isa = PBXGroup;
			children = (
				C34BC02B1EE076E40075B4BE /* StripView */,
				C3290CE71EDF4A77000A8390 /* FeedView */,
			);
			name = UI;
			sourceTree = "<group>";
		};
		C3290CE71EDF4A77000A8390 /* FeedView */ = {
			isa = PBXGroup;
			children = (
				C3290CE81EDF4AAF000A8390 /* FeedViewAssembly.swift */,
				C34BC0341EE13BB30075B4BE /* FeedViewController.swift */,
				C3290CEA1EDFD50F000A8390 /* Cells */,
			);
			name = FeedView;
			sourceTree = "<group>";
		};
		C3290CEA1EDFD50F000A8390 /* Cells */ = {
			isa = PBXGroup;
			children = (
				C34BC0321EE13BAB0075B4BE /* XKCDInfiniteScrollFooterView.swift */,
				C3290CEB1EDFD524000A8390 /* XKCDStripCell.swift */,
			);
			name = Cells;
			sourceTree = "<group>";
		};
		C345AD471EDC878E00CEA49E /* Service */ = {
			isa = PBXGroup;
			children = (
				C345AD481EDC87A700CEA49E /* XKCDService.swift */,
				C345AD4F1EDE83DF00CEA49E /* JSONAPIClient.swift */,
				C3290CE41EDF098B000A8390 /* ServiceAssembly.swift */,
				C34BC02E1EE08C6F0075B4BE /* ImageService.swift */,
				C34BC0361EE5A54C0075B4BE /* URLSession+IURLSession.swift */,
				C34BC0381EE5B5BD0075B4BE /* IURLService.swift */,
			);
			name = Service;
			sourceTree = "<group>";
		};
		C345AD4A1EDC893400CEA49E /* Model */ = {
			isa = PBXGroup;
			children = (
				C345AD4B1EDC895200CEA49E /* XKCDStrip.swift */,
				C345AD521EDED9E400CEA49E /* XKCDStrip+FromJSONDictionary.swift */,
			);
			name = Model;
			sourceTree = "<group>";
		};
		C34BC02B1EE076E40075B4BE /* StripView */ = {
			isa = PBXGroup;
			children = (
				C34BC02C1EE0771A0075B4BE /* StripViewController.swift */,
			);
			name = StripView;
			sourceTree = "<group>";
		};
		C5DB8B7BFB5A3FAF69FD3C76 /* Frameworks */ = {
			isa = PBXGroup;
			children = (
				3AAF0D4FB0CE4E2F75C8C018 /* Pods_EasyDi_Example.framework */,
				7854D0BFF38EFE18D331EC8F /* Pods_EasyDi_Tests.framework */,
			);
			name = Frameworks;
			sourceTree = "<group>";
		};
/* End PBXGroup section */

/* Begin PBXNativeTarget section */
		607FACCF1AFB9204008FA782 /* EasyDi_Example */ = {
			isa = PBXNativeTarget;
			buildConfigurationList = 607FACEF1AFB9204008FA782 /* Build configuration list for PBXNativeTarget "EasyDi_Example" */;
			buildPhases = (
				55639F3215F90FA378687EE5 /* [CP] Check Pods Manifest.lock */,
				607FACCC1AFB9204008FA782 /* Sources */,
				607FACCD1AFB9204008FA782 /* Frameworks */,
				607FACCE1AFB9204008FA782 /* Resources */,
				C22F491950F96DB1102DCDE6 /* [CP] Embed Pods Frameworks */,
				76DB593CA1040C2E08897F49 /* [CP] Copy Pods Resources */,
			);
			buildRules = (
			);
			dependencies = (
			);
			name = EasyDi_Example;
			productName = EasyDi;
			productReference = 607FACD01AFB9204008FA782 /* EasyDi_Example.app */;
			productType = "com.apple.product-type.application";
		};
		607FACE41AFB9204008FA782 /* EasyDi_Tests */ = {
			isa = PBXNativeTarget;
			buildConfigurationList = 607FACF21AFB9204008FA782 /* Build configuration list for PBXNativeTarget "EasyDi_Tests" */;
			buildPhases = (
				DB5806D1AE24DB9316B5B2E5 /* [CP] Check Pods Manifest.lock */,
				607FACE11AFB9204008FA782 /* Sources */,
				607FACE21AFB9204008FA782 /* Frameworks */,
				607FACE31AFB9204008FA782 /* Resources */,
				E68769014AF2049C6F417549 /* [CP] Embed Pods Frameworks */,
				D01C95054756261E6BC77827 /* [CP] Copy Pods Resources */,
			);
			buildRules = (
			);
			dependencies = (
				607FACE71AFB9204008FA782 /* PBXTargetDependency */,
			);
			name = EasyDi_Tests;
			productName = Tests;
			productReference = 607FACE51AFB9204008FA782 /* EasyDi_Tests.xctest */;
			productType = "com.apple.product-type.bundle.unit-test";
		};
/* End PBXNativeTarget section */

/* Begin PBXProject section */
		607FACC81AFB9204008FA782 /* Project object */ = {
			isa = PBXProject;
			attributes = {
				LastSwiftUpdateCheck = 0720;
				LastUpgradeCheck = 0820;
				ORGANIZATIONNAME = CocoaPods;
				TargetAttributes = {
					607FACCF1AFB9204008FA782 = {
						CreatedOnToolsVersion = 6.3.1;
						DevelopmentTeam = Y2JE994MUL;
						LastSwiftMigration = 0900;
					};
					607FACE41AFB9204008FA782 = {
						CreatedOnToolsVersion = 6.3.1;
						DevelopmentTeam = 3J6P4R5UZ6;
						LastSwiftMigration = 0900;
						TestTargetID = 607FACCF1AFB9204008FA782;
					};
				};
			};
			buildConfigurationList = 607FACCB1AFB9204008FA782 /* Build configuration list for PBXProject "EasyDi" */;
			compatibilityVersion = "Xcode 3.2";
			developmentRegion = English;
			hasScannedForEncodings = 0;
			knownRegions = (
				en,
				Base,
			);
			mainGroup = 607FACC71AFB9204008FA782;
			productRefGroup = 607FACD11AFB9204008FA782 /* Products */;
			projectDirPath = "";
			projectRoot = "";
			targets = (
				607FACCF1AFB9204008FA782 /* EasyDi_Example */,
				607FACE41AFB9204008FA782 /* EasyDi_Tests */,
			);
		};
/* End PBXProject section */

/* Begin PBXResourcesBuildPhase section */
		607FACCE1AFB9204008FA782 /* Resources */ = {
			isa = PBXResourcesBuildPhase;
			buildActionMask = 2147483647;
			files = (
				607FACDB1AFB9204008FA782 /* Main.storyboard in Resources */,
				607FACE01AFB9204008FA782 /* LaunchScreen.xib in Resources */,
				607FACDD1AFB9204008FA782 /* Images.xcassets in Resources */,
			);
			runOnlyForDeploymentPostprocessing = 0;
		};
		607FACE31AFB9204008FA782 /* Resources */ = {
			isa = PBXResourcesBuildPhase;
			buildActionMask = 2147483647;
			files = (
			);
			runOnlyForDeploymentPostprocessing = 0;
		};
/* End PBXResourcesBuildPhase section */

/* Begin PBXShellScriptBuildPhase section */
		55639F3215F90FA378687EE5 /* [CP] Check Pods Manifest.lock */ = {
			isa = PBXShellScriptBuildPhase;
			buildActionMask = 2147483647;
			files = (
			);
			inputPaths = (
			);
			name = "[CP] Check Pods Manifest.lock";
			outputPaths = (
			);
			runOnlyForDeploymentPostprocessing = 0;
			shellPath = /bin/sh;
			shellScript = "diff \"${PODS_PODFILE_DIR_PATH}/Podfile.lock\" \"${PODS_ROOT}/Manifest.lock\" > /dev/null\nif [ $? != 0 ] ; then\n    # print error to STDERR\n    echo \"error: The sandbox is not in sync with the Podfile.lock. Run 'pod install' or update your CocoaPods installation.\" >&2\n    exit 1\nfi\n";
			showEnvVarsInLog = 0;
		};
		76DB593CA1040C2E08897F49 /* [CP] Copy Pods Resources */ = {
			isa = PBXShellScriptBuildPhase;
			buildActionMask = 2147483647;
			files = (
			);
			inputPaths = (
			);
			name = "[CP] Copy Pods Resources";
			outputPaths = (
			);
			runOnlyForDeploymentPostprocessing = 0;
			shellPath = /bin/sh;
			shellScript = "\"${SRCROOT}/Pods/Target Support Files/Pods-EasyDi_Example/Pods-EasyDi_Example-resources.sh\"\n";
			showEnvVarsInLog = 0;
		};
		C22F491950F96DB1102DCDE6 /* [CP] Embed Pods Frameworks */ = {
			isa = PBXShellScriptBuildPhase;
			buildActionMask = 2147483647;
			files = (
			);
			inputPaths = (
			);
			name = "[CP] Embed Pods Frameworks";
			outputPaths = (
			);
			runOnlyForDeploymentPostprocessing = 0;
			shellPath = /bin/sh;
			shellScript = "\"${SRCROOT}/Pods/Target Support Files/Pods-EasyDi_Example/Pods-EasyDi_Example-frameworks.sh\"\n";
			showEnvVarsInLog = 0;
		};
		D01C95054756261E6BC77827 /* [CP] Copy Pods Resources */ = {
			isa = PBXShellScriptBuildPhase;
			buildActionMask = 2147483647;
			files = (
			);
			inputPaths = (
			);
			name = "[CP] Copy Pods Resources";
			outputPaths = (
			);
			runOnlyForDeploymentPostprocessing = 0;
			shellPath = /bin/sh;
			shellScript = "\"${SRCROOT}/Pods/Target Support Files/Pods-EasyDi_Tests/Pods-EasyDi_Tests-resources.sh\"\n";
			showEnvVarsInLog = 0;
		};
		DB5806D1AE24DB9316B5B2E5 /* [CP] Check Pods Manifest.lock */ = {
			isa = PBXShellScriptBuildPhase;
			buildActionMask = 2147483647;
			files = (
			);
			inputPaths = (
			);
			name = "[CP] Check Pods Manifest.lock";
			outputPaths = (
			);
			runOnlyForDeploymentPostprocessing = 0;
			shellPath = /bin/sh;
			shellScript = "diff \"${PODS_PODFILE_DIR_PATH}/Podfile.lock\" \"${PODS_ROOT}/Manifest.lock\" > /dev/null\nif [ $? != 0 ] ; then\n    # print error to STDERR\n    echo \"error: The sandbox is not in sync with the Podfile.lock. Run 'pod install' or update your CocoaPods installation.\" >&2\n    exit 1\nfi\n";
			showEnvVarsInLog = 0;
		};
		E68769014AF2049C6F417549 /* [CP] Embed Pods Frameworks */ = {
			isa = PBXShellScriptBuildPhase;
			buildActionMask = 2147483647;
			files = (
			);
			inputPaths = (
			);
			name = "[CP] Embed Pods Frameworks";
			outputPaths = (
			);
			runOnlyForDeploymentPostprocessing = 0;
			shellPath = /bin/sh;
			shellScript = "\"${SRCROOT}/Pods/Target Support Files/Pods-EasyDi_Tests/Pods-EasyDi_Tests-frameworks.sh\"\n";
			showEnvVarsInLog = 0;
		};
/* End PBXShellScriptBuildPhase section */

/* Begin PBXSourcesBuildPhase section */
		607FACCC1AFB9204008FA782 /* Sources */ = {
			isa = PBXSourcesBuildPhase;
			buildActionMask = 2147483647;
			files = (
				C3290CE91EDF4AAF000A8390 /* FeedViewAssembly.swift in Sources */,
				C3290CEC1EDFD524000A8390 /* XKCDStripCell.swift in Sources */,
				C345AD511EDE98DB00CEA49E /* JSONAPIClient.swift in Sources */,
				C345AD491EDC87A700CEA49E /* XKCDService.swift in Sources */,
				C34BC02F1EE08C6F0075B4BE /* ImageService.swift in Sources */,
				C34BC0391EE5B5BD0075B4BE /* IURLService.swift in Sources */,
				C3290CE51EDF098B000A8390 /* ServiceAssembly.swift in Sources */,
				C345AD4C1EDC895200CEA49E /* XKCDStrip.swift in Sources */,
				C34BC0371EE5A54C0075B4BE /* URLSession+IURLSession.swift in Sources */,
				C345AD531EDED9E400CEA49E /* XKCDStrip+FromJSONDictionary.swift in Sources */,
				C34BC0331EE13BAB0075B4BE /* XKCDInfiniteScrollFooterView.swift in Sources */,
				607FACD61AFB9204008FA782 /* AppDelegate.swift in Sources */,
				C34BC0351EE13BB30075B4BE /* FeedViewController.swift in Sources */,
				C34BC02D1EE0771A0075B4BE /* StripViewController.swift in Sources */,
			);
			runOnlyForDeploymentPostprocessing = 0;
		};
		607FACE11AFB9204008FA782 /* Sources */ = {
			isa = PBXSourcesBuildPhase;
			buildActionMask = 2147483647;
			files = (
				C3623A2C1ED0C16300377170 /* Test_Patches.swift in Sources */,
				C3623A2A1ECC956200377170 /* Test_CrossAssemblyInjections.swift in Sources */,
				C345AD4E1EDE813600CEA49E /* Test_JSONAPIClient.swift in Sources */,
				C36D9F291F1BEB06009FD9AD /* Test_StructsInjection.swift in Sources */,
				C3290CE31EDF01B8000A8390 /* Test_XKCDService.swift in Sources */,
				C376D4311EB36D8D00A318ED /* Test_Scope.swift in Sources */,
				C376D4341EB3727500A318ED /* Test_Context.swift in Sources */,
				C376D4371EB382BA00A318ED /* Test_Injections.swift in Sources */,
				C3623A2E1ED0CCDD00377170 /* Test_ProtocolBasedInjection.swift in Sources */,
			);
			runOnlyForDeploymentPostprocessing = 0;
		};
/* End PBXSourcesBuildPhase section */

/* Begin PBXTargetDependency section */
		607FACE71AFB9204008FA782 /* PBXTargetDependency */ = {
			isa = PBXTargetDependency;
			target = 607FACCF1AFB9204008FA782 /* EasyDi_Example */;
			targetProxy = 607FACE61AFB9204008FA782 /* PBXContainerItemProxy */;
		};
/* End PBXTargetDependency section */

/* Begin PBXVariantGroup section */
		607FACD91AFB9204008FA782 /* Main.storyboard */ = {
			isa = PBXVariantGroup;
			children = (
				607FACDA1AFB9204008FA782 /* Base */,
			);
			name = Main.storyboard;
			sourceTree = "<group>";
		};
		607FACDE1AFB9204008FA782 /* LaunchScreen.xib */ = {
			isa = PBXVariantGroup;
			children = (
				607FACDF1AFB9204008FA782 /* Base */,
			);
			name = LaunchScreen.xib;
			sourceTree = "<group>";
		};
/* End PBXVariantGroup section */

/* Begin XCBuildConfiguration section */
		607FACED1AFB9204008FA782 /* Debug */ = {
			isa = XCBuildConfiguration;
			buildSettings = {
				ALWAYS_SEARCH_USER_PATHS = NO;
				CLANG_CXX_LANGUAGE_STANDARD = "gnu++0x";
				CLANG_CXX_LIBRARY = "libc++";
				CLANG_ENABLE_MODULES = YES;
				CLANG_ENABLE_OBJC_ARC = YES;
				CLANG_WARN_BOOL_CONVERSION = YES;
				CLANG_WARN_CONSTANT_CONVERSION = YES;
				CLANG_WARN_DIRECT_OBJC_ISA_USAGE = YES_ERROR;
				CLANG_WARN_EMPTY_BODY = YES;
				CLANG_WARN_ENUM_CONVERSION = YES;
				CLANG_WARN_INFINITE_RECURSION = YES;
				CLANG_WARN_INT_CONVERSION = YES;
				CLANG_WARN_OBJC_ROOT_CLASS = YES_ERROR;
				CLANG_WARN_SUSPICIOUS_MOVE = YES;
				CLANG_WARN_UNREACHABLE_CODE = YES;
				CLANG_WARN__DUPLICATE_METHOD_MATCH = YES;
				"CODE_SIGN_IDENTITY[sdk=iphoneos*]" = "iPhone Developer";
				COPY_PHASE_STRIP = NO;
				DEBUG_INFORMATION_FORMAT = "dwarf-with-dsym";
				ENABLE_STRICT_OBJC_MSGSEND = YES;
				ENABLE_TESTABILITY = YES;
				GCC_C_LANGUAGE_STANDARD = gnu99;
				GCC_DYNAMIC_NO_PIC = NO;
				GCC_NO_COMMON_BLOCKS = YES;
				GCC_OPTIMIZATION_LEVEL = 0;
				GCC_PREPROCESSOR_DEFINITIONS = (
					"DEBUG=1",
					"$(inherited)",
				);
				GCC_SYMBOLS_PRIVATE_EXTERN = NO;
				GCC_WARN_64_TO_32_BIT_CONVERSION = YES;
				GCC_WARN_ABOUT_RETURN_TYPE = YES_ERROR;
				GCC_WARN_UNDECLARED_SELECTOR = YES;
				GCC_WARN_UNINITIALIZED_AUTOS = YES_AGGRESSIVE;
				GCC_WARN_UNUSED_FUNCTION = YES;
				GCC_WARN_UNUSED_VARIABLE = YES;
				IPHONEOS_DEPLOYMENT_TARGET = 8.3;
				MTL_ENABLE_DEBUG_INFO = YES;
				ONLY_ACTIVE_ARCH = YES;
				SDKROOT = iphoneos;
				SWIFT_OPTIMIZATION_LEVEL = "-Onone";
			};
			name = Debug;
		};
		607FACEE1AFB9204008FA782 /* Release */ = {
			isa = XCBuildConfiguration;
			buildSettings = {
				ALWAYS_SEARCH_USER_PATHS = NO;
				CLANG_CXX_LANGUAGE_STANDARD = "gnu++0x";
				CLANG_CXX_LIBRARY = "libc++";
				CLANG_ENABLE_MODULES = YES;
				CLANG_ENABLE_OBJC_ARC = YES;
				CLANG_WARN_BOOL_CONVERSION = YES;
				CLANG_WARN_CONSTANT_CONVERSION = YES;
				CLANG_WARN_DIRECT_OBJC_ISA_USAGE = YES_ERROR;
				CLANG_WARN_EMPTY_BODY = YES;
				CLANG_WARN_ENUM_CONVERSION = YES;
				CLANG_WARN_INFINITE_RECURSION = YES;
				CLANG_WARN_INT_CONVERSION = YES;
				CLANG_WARN_OBJC_ROOT_CLASS = YES_ERROR;
				CLANG_WARN_SUSPICIOUS_MOVE = YES;
				CLANG_WARN_UNREACHABLE_CODE = YES;
				CLANG_WARN__DUPLICATE_METHOD_MATCH = YES;
				"CODE_SIGN_IDENTITY[sdk=iphoneos*]" = "iPhone Developer";
				COPY_PHASE_STRIP = NO;
				DEBUG_INFORMATION_FORMAT = "dwarf-with-dsym";
				ENABLE_NS_ASSERTIONS = NO;
				ENABLE_STRICT_OBJC_MSGSEND = YES;
				GCC_C_LANGUAGE_STANDARD = gnu99;
				GCC_NO_COMMON_BLOCKS = YES;
				GCC_WARN_64_TO_32_BIT_CONVERSION = YES;
				GCC_WARN_ABOUT_RETURN_TYPE = YES_ERROR;
				GCC_WARN_UNDECLARED_SELECTOR = YES;
				GCC_WARN_UNINITIALIZED_AUTOS = YES_AGGRESSIVE;
				GCC_WARN_UNUSED_FUNCTION = YES;
				GCC_WARN_UNUSED_VARIABLE = YES;
				IPHONEOS_DEPLOYMENT_TARGET = 8.3;
				MTL_ENABLE_DEBUG_INFO = NO;
				SDKROOT = iphoneos;
				SWIFT_OPTIMIZATION_LEVEL = "-Owholemodule";
				VALIDATE_PRODUCT = YES;
			};
			name = Release;
		};
		607FACF01AFB9204008FA782 /* Debug */ = {
			isa = XCBuildConfiguration;
			baseConfigurationReference = 774839AABE52F633A3F02893 /* Pods-EasyDi_Example.debug.xcconfig */;
			buildSettings = {
				ASSETCATALOG_COMPILER_APPICON_NAME = AppIcon;
				DEVELOPMENT_TEAM = Y2JE994MUL;
				INFOPLIST_FILE = EasyDi/Info.plist;
				LD_RUNPATH_SEARCH_PATHS = "$(inherited) @executable_path/Frameworks";
				MODULE_NAME = ExampleApp;
				PRODUCT_BUNDLE_IDENTIFIER = "org.cocoapods.demo.EasyDi-Example.az";
				PRODUCT_NAME = "$(TARGET_NAME)";
				SWIFT_VERSION = 3.0;
				TARGETED_DEVICE_FAMILY = "1,2";
			};
			name = Debug;
		};
		607FACF11AFB9204008FA782 /* Release */ = {
			isa = XCBuildConfiguration;
			baseConfigurationReference = 2772BB05FB85F3E8FCE97A15 /* Pods-EasyDi_Example.release.xcconfig */;
			buildSettings = {
				ASSETCATALOG_COMPILER_APPICON_NAME = AppIcon;
				DEVELOPMENT_TEAM = Y2JE994MUL;
				INFOPLIST_FILE = EasyDi/Info.plist;
				LD_RUNPATH_SEARCH_PATHS = "$(inherited) @executable_path/Frameworks";
				MODULE_NAME = ExampleApp;
				PRODUCT_BUNDLE_IDENTIFIER = "org.cocoapods.demo.EasyDi-Example.az";
				PRODUCT_NAME = "$(TARGET_NAME)";
				SWIFT_VERSION = 3.0;
				TARGETED_DEVICE_FAMILY = "1,2";
			};
			name = Release;
		};
		607FACF31AFB9204008FA782 /* Debug */ = {
			isa = XCBuildConfiguration;
			baseConfigurationReference = 95412568371F91A626368EBC /* Pods-EasyDi_Tests.debug.xcconfig */;
			buildSettings = {
				BUNDLE_LOADER = "$(TEST_HOST)";
				DEVELOPMENT_TEAM = 3J6P4R5UZ6;
				FRAMEWORK_SEARCH_PATHS = (
					"$(SDKROOT)/Developer/Library/Frameworks",
					"$(inherited)",
				);
				GCC_PREPROCESSOR_DEFINITIONS = (
					"DEBUG=1",
					"$(inherited)",
				);
				INFOPLIST_FILE = Tests/Info.plist;
				LD_RUNPATH_SEARCH_PATHS = "$(inherited) @executable_path/Frameworks @loader_path/Frameworks";
				PRODUCT_BUNDLE_IDENTIFIER = "org.cocoapods.$(PRODUCT_NAME:rfc1034identifier)";
				PRODUCT_NAME = "$(TARGET_NAME)";
				SWIFT_VERSION = 3.0;
				TEST_HOST = "$(BUILT_PRODUCTS_DIR)/EasyDi_Example.app/EasyDi_Example";
			};
			name = Debug;
		};
		607FACF41AFB9204008FA782 /* Release */ = {
			isa = XCBuildConfiguration;
			baseConfigurationReference = B797E6DE924341DEC929BFBC /* Pods-EasyDi_Tests.release.xcconfig */;
			buildSettings = {
				BUNDLE_LOADER = "$(TEST_HOST)";
				DEVELOPMENT_TEAM = 3J6P4R5UZ6;
				FRAMEWORK_SEARCH_PATHS = (
					"$(SDKROOT)/Developer/Library/Frameworks",
					"$(inherited)",
				);
				INFOPLIST_FILE = Tests/Info.plist;
				LD_RUNPATH_SEARCH_PATHS = "$(inherited) @executable_path/Frameworks @loader_path/Frameworks";
				PRODUCT_BUNDLE_IDENTIFIER = "org.cocoapods.$(PRODUCT_NAME:rfc1034identifier)";
				PRODUCT_NAME = "$(TARGET_NAME)";
				SWIFT_VERSION = 3.0;
				TEST_HOST = "$(BUILT_PRODUCTS_DIR)/EasyDi_Example.app/EasyDi_Example";
			};
			name = Release;
		};
/* End XCBuildConfiguration section */

/* Begin XCConfigurationList section */
		607FACCB1AFB9204008FA782 /* Build configuration list for PBXProject "EasyDi" */ = {
			isa = XCConfigurationList;
			buildConfigurations = (
				607FACED1AFB9204008FA782 /* Debug */,
				607FACEE1AFB9204008FA782 /* Release */,
			);
			defaultConfigurationIsVisible = 0;
			defaultConfigurationName = Release;
		};
		607FACEF1AFB9204008FA782 /* Build configuration list for PBXNativeTarget "EasyDi_Example" */ = {
			isa = XCConfigurationList;
			buildConfigurations = (
				607FACF01AFB9204008FA782 /* Debug */,
				607FACF11AFB9204008FA782 /* Release */,
			);
			defaultConfigurationIsVisible = 0;
			defaultConfigurationName = Release;
		};
		607FACF21AFB9204008FA782 /* Build configuration list for PBXNativeTarget "EasyDi_Tests" */ = {
			isa = XCConfigurationList;
			buildConfigurations = (
				607FACF31AFB9204008FA782 /* Debug */,
				607FACF41AFB9204008FA782 /* Release */,
			);
			defaultConfigurationIsVisible = 0;
			defaultConfigurationName = Release;
		};
/* End XCConfigurationList section */
	};
	rootObject = 607FACC81AFB9204008FA782 /* Project object */;
}
